8582097871954611144
zlib-ng 68ab3e2d80253ec5dc3c83691d9ff70477b32cd3
boost 930f38eb0365ceb7853273e03da4d9e7787abfb9
res b759b93316afeb529b6cb5b2548b24c41e382fb0
date ce88cc33b5551f66655614eeebb7c5b7189025fb
googletest 34a46558609e05865c197f0260ab36daa7cbbb6e
libressl 39c1bf084d5c179d7bbce7ba902fffbebff0ee15
cista bec8bca4e6a38e38236a99ca4d4b767690fc01a1
docs 75dc89a53e9c2d78574fc0ffda698e69f1682ed2
fmt dc10f83be70ac2873d5f8d1ce317596f1fd318a2
utl 07fb33df7b79b73e84e0d2c69c6ee445221f6e32
yaml-cpp 1d8ca1f35eb3a9c9142462b28282a848e5d29a91
openapi-cpp dac46d043f07a119d8b7d9ccb47e51049b259bfe
net 6a457f5eaa077078fcac4153c5a178657737eee8
pugixml 60175e80e2f5e97e027ac78f7e14c5acc009ce50
